# This file is automatically @generated by Cargo.
# It is not intended for manual editing.
version = 4

[[package]]
name = "rust-api-examples"
version = "0.1.0"
dependencies = [
 "sherpa-onnx",
]

[[package]]
name = "sherpa-onnx"
version = "0.1.0"
source = "registry+https://github.com/rust-lang/crates.io-index"
checksum = "d294fdded2188c7dd3255f59bbc3182ae0b1fb8a2536de214d0db47da74d8524"
dependencies = [
 "sherpa-onnx-sys",
]

[[package]]
name = "sherpa-onnx-sys"
version = "0.1.0"
source = "registry+https://github.com/rust-lang/crates.io-index"
checksum = "5cef134a691ff7d30551b81ca0171f1c9349ae150f4fef1acc81f9f95105080e"
