github.com/DylanMeeus/GoAudio v0.13.1 h1:vxsqF+5Sn12aY6+AcPoG8H/P8+TfSH/XPaHAC/gY0Ng=
github.com/DylanMeeus/GoAudio v0.13.1/go.mod h1:V+oGHNuF+LDkPKK/LDzQs5HUs80TEn2LG9d8bYdbF/c=
github.com/k2-fsa/sherpa-onnx-go v1.5.3-alpha.4 h1:qA071IVLzZy607JEsY9gMaWoIGrXNy1513qJgbz2eTc=
github.com/k2-fsa/sherpa-onnx-go v1.5.3-alpha.4/go.mod h1:CLQ7weTtDuaI62t3kBD4ma/diPNSZ8KhZSdiphuMgt4=
github.com/k2-fsa/sherpa-onnx-go-linux v1.5.3-alpha.2 h1:ne5Bg9dD+2k+0If9KEbM3xzxuDIWDoBdeHmj8tWoah0=
github.com/k2-fsa/sherpa-onnx-go-linux v1.5.3-alpha.2/go.mod h1:dTX47oKt7yyLN4TrluHCRSz5BHMhrxa3xKVAi47HLD4=
github.com/k2-fsa/sherpa-onnx-go-macos v1.5.3-alpha.1 h1:7pZIqdhodDSY7Z3ZEKvypeKrq4jaAn4VVbKn0yBkhmE=
github.com/k2-fsa/sherpa-onnx-go-macos v1.5.3-alpha.1/go.mod h1:a+AJZKNQkFO+JyzGkHySysYfBzzdcoJI5ITFsnhVcmo=
github.com/k2-fsa/sherpa-onnx-go-windows v1.5.3-alpha.1 h1:J9c5ttk58RZGulyWGlcHdLkz4sebhCET2YA+SMX+tnk=
github.com/k2-fsa/sherpa-onnx-go-windows v1.5.3-alpha.1/go.mod h1:j6EnFPX6pTfYJUkWX+IbdQDGW/WjjhsQo14c9viHtLY=
github.com/spf13/pflag v1.0.5 h1:iy+VFUOCP1a+8yFto/drg2CJ5u0yRoB7fZw3DKv/JXA=
github.com/spf13/pflag v1.0.5/go.mod h1:McXfInJRrz4CZXVZOBLb0bTZqETkiAhM9Iw0y3An2Bg=
