github.com/DylanMeeus/GoAudio v0.13.1 h1:vxsqF+5Sn12aY6+AcPoG8H/P8+TfSH/XPaHAC/gY0Ng=
github.com/DylanMeeus/GoAudio v0.13.1/go.mod h1:V+oGHNuF+LDkPKK/LDzQs5HUs80TEn2LG9d8bYdbF/c=
github.com/k2-fsa/sherpa-onnx-go-macos v0.1.1 h1:epFQQXvLLWhGpujeC/pBzug1nQhqMGQq5XieSeg2f5A=
github.com/k2-fsa/sherpa-onnx-go-macos v0.1.1/go.mod h1:a+AJZKNQkFO+JyzGkHySysYfBzzdcoJI5ITFsnhVcmo=
