github.com/gordonklaus/portaudio v0.0.0-20230709114228-aafa478834f5 h1:5AlozfqaVjGYGhms2OsdUyfdJME76E6rx5MdGpjzZpc=
github.com/gordonklaus/portaudio v0.0.0-20230709114228-aafa478834f5/go.mod h1:WY8R6YKlI2ZI3UyzFk7P6yGSuS+hFwNtEzrexRyD7Es=
github.com/k2-fsa/sherpa-onnx-go v1.5.3-alpha.8 h1:BXc31pWwd7CJLM6m9HavxqiyYJdN3Jc9I26pd4x+JHE=
github.com/k2-fsa/sherpa-onnx-go v1.5.3-alpha.8/go.mod h1:kszL/pwg9XTpRGi1AYW/aSwdhRBqb6LN0SjXR0jnsBo=
github.com/k2-fsa/sherpa-onnx-go-linux v1.5.3-alpha.6 h1:o0+l4Wr3IWkWH+kdt8ZZP55L8mRSpW7h1KzvXcfx9FM=
github.com/k2-fsa/sherpa-onnx-go-linux v1.5.3-alpha.6/go.mod h1:9kU02PSdDdzBApwIDBmE2jWS54WvZbRafOEvW/PVLxE=
github.com/k2-fsa/sherpa-onnx-go-macos v1.5.3-alpha.4 h1:Xri23R3+tQFkNwO6zVxqZbjMRJP40z7JtoSqW6UP6sM=
github.com/k2-fsa/sherpa-onnx-go-macos v1.5.3-alpha.4/go.mod h1:a+AJZKNQkFO+JyzGkHySysYfBzzdcoJI5ITFsnhVcmo=
github.com/k2-fsa/sherpa-onnx-go-windows v1.5.3-alpha.5 h1:OR1LLoptR8W35j5u06KrYUblG35B83HHCPWrVK31uHY=
github.com/k2-fsa/sherpa-onnx-go-windows v1.5.3-alpha.5/go.mod h1:ermMOETZUv0nM7MmnXWqeHREMR6zQXBhJpEP2fbHIZo=
github.com/spf13/pflag v1.0.5 h1:iy+VFUOCP1a+8yFto/drg2CJ5u0yRoB7fZw3DKv/JXA=
github.com/spf13/pflag v1.0.5/go.mod h1:McXfInJRrz4CZXVZOBLb0bTZqETkiAhM9Iw0y3An2Bg=
