github.com/gordonklaus/portaudio v0.0.0-20230709114228-aafa478834f5 h1:5AlozfqaVjGYGhms2OsdUyfdJME76E6rx5MdGpjzZpc=
github.com/gordonklaus/portaudio v0.0.0-20230709114228-aafa478834f5/go.mod h1:WY8R6YKlI2ZI3UyzFk7P6yGSuS+hFwNtEzrexRyD7Es=
github.com/k2-fsa/sherpa-onnx-go v1.5.3-alpha.7 h1:CUFQ9vDc/jRt1g4t44w9jJdBLzrjL6G8M5bl50WjlbY=
github.com/k2-fsa/sherpa-onnx-go v1.5.3-alpha.7/go.mod h1:vZK7b7Z5E4/3P9To9q7+VeebHuGvVx3AxavPOZy4EJs=
github.com/k2-fsa/sherpa-onnx-go-linux v1.5.3-alpha.4 h1:2Z0u9O0QWcfqFYe/5c/TREGgrhTqfdsp9DgK/AaQzTs=
github.com/k2-fsa/sherpa-onnx-go-linux v1.5.3-alpha.4/go.mod h1:9kU02PSdDdzBApwIDBmE2jWS54WvZbRafOEvW/PVLxE=
github.com/k2-fsa/sherpa-onnx-go-macos v1.5.3-alpha.2 h1:UeWRwx3D2ODwqMeXV9knU22C9qJr/COGzsLjt/N9xPQ=
github.com/k2-fsa/sherpa-onnx-go-macos v1.5.3-alpha.2/go.mod h1:a+AJZKNQkFO+JyzGkHySysYfBzzdcoJI5ITFsnhVcmo=
github.com/k2-fsa/sherpa-onnx-go-windows v1.5.3-alpha.3 h1:XHBecuQEYfldgcUuOr3dWPG0RaHbgFdnxEYH4i5VDY8=
github.com/k2-fsa/sherpa-onnx-go-windows v1.5.3-alpha.3/go.mod h1:ermMOETZUv0nM7MmnXWqeHREMR6zQXBhJpEP2fbHIZo=
github.com/spf13/pflag v1.0.5 h1:iy+VFUOCP1a+8yFto/drg2CJ5u0yRoB7fZw3DKv/JXA=
github.com/spf13/pflag v1.0.5/go.mod h1:McXfInJRrz4CZXVZOBLb0bTZqETkiAhM9Iw0y3An2Bg=
