github.com/gordonklaus/portaudio v0.0.0-20230709114228-aafa478834f5 h1:5AlozfqaVjGYGhms2OsdUyfdJME76E6rx5MdGpjzZpc=
github.com/gordonklaus/portaudio v0.0.0-20230709114228-aafa478834f5/go.mod h1:WY8R6YKlI2ZI3UyzFk7P6yGSuS+hFwNtEzrexRyD7Es=
github.com/k2-fsa/sherpa-onnx-go v1.7.12-alpha h1:pm9VCFe51c59LilgDmGwKGfGB/TalLJX26LSvjrELTk=
github.com/k2-fsa/sherpa-onnx-go v1.7.12-alpha/go.mod h1:JLAytuKK2r1sPf8BcyaUTFfvmGGTLpbfG9g9x/Rq7GA=
github.com/k2-fsa/sherpa-onnx-go-linux v1.7.12 h1:9g6Af3kBtcbDrTH7EqlWB9cSvBsc/xY00r7MeA/qVzo=
github.com/k2-fsa/sherpa-onnx-go-linux v1.7.12/go.mod h1:lHZRU/WtBUJetJVPyXHg092diEWYyIEoaob+LMJKWvo=
github.com/k2-fsa/sherpa-onnx-go-macos v1.7.12-alpha h1:G8B6PaPHTFlbe6YtUFc7/H4rJfzmOJRvEzPJMj4h/w8=
github.com/k2-fsa/sherpa-onnx-go-macos v1.7.12-alpha/go.mod h1:o1Cd6Zy+Tpq3bLAWqBoVcDenxi8HSaSubURtbtIqH2s=
github.com/k2-fsa/sherpa-onnx-go-windows v1.7.12 h1:WudeR8tlCsS5uj0d99jJ+jaKjvyND+aCuajFDE9qEY4=
github.com/k2-fsa/sherpa-onnx-go-windows v1.7.12/go.mod h1:R7JSrFkZGkfM/F/gVSR+yTJ+sPaHhJgdqsB5N7dTU6E=
github.com/spf13/pflag v1.0.5 h1:iy+VFUOCP1a+8yFto/drg2CJ5u0yRoB7fZw3DKv/JXA=
github.com/spf13/pflag v1.0.5/go.mod h1:McXfInJRrz4CZXVZOBLb0bTZqETkiAhM9Iw0y3An2Bg=
